// !$*UTF8*$!
{
	archiveVersion = 1;
	classes = {
	};
	objectVersion = 55;
	objects = {

/* Begin PBXBuildFile section */
		CE67AA03286AFC9000AFF85F /* Track.swift in Sources */ = {isa = PBXBuildFile; fileRef = CE67AA02286AFC9000AFF85F /* Track.swift */; };
		CE67AA09286B23A700AFF85F /* ActionButtonPlayerView.swift in Sources */ = {isa = PBXBuildFile; fileRef = CE67AA08286B23A700AFF85F /* ActionButtonPlayerView.swift */; };
		CE6931912868623C00C4AAA4 /* SearchBarView.swift in Sources */ = {isa = PBXBuildFile; fileRef = CE6931902868623C00C4AAA4 /* SearchBarView.swift */; };
		CEB0E2DB2865F1660090C0EE /* MusicPlayerApp.swift in Sources */ = {isa = PBXBuildFile; fileRef = CEB0E2DA2865F1660090C0EE /* MusicPlayerApp.swift */; };
		CEB0E2DD2865F1660090C0EE /* HomeView.swift in Sources */ = {isa = PBXBuildFile; fileRef = CEB0E2DC2865F1660090C0EE /* HomeView.swift */; };
		CEB0E2DF2865F1680090C0EE /* Assets.xcassets in Resources */ = {isa = PBXBuildFile; fileRef = CEB0E2DE2865F1680090C0EE /* Assets.xcassets */; };
		CEB0E2E22865F1680090C0EE /* Preview Assets.xcassets in Resources */ = {isa = PBXBuildFile; fileRef = CEB0E2E12865F1680090C0EE /* Preview Assets.xcassets */; };
		CEB0E2E92865F69F0090C0EE /* ListSongs.swift in Sources */ = {isa = PBXBuildFile; fileRef = CEB0E2E82865F69F0090C0EE /* ListSongs.swift */; };
		CEB0E2EC2865FDBA0090C0EE /* TopBarButtonView.swift in Sources */ = {isa = PBXBuildFile; fileRef = CEB0E2EB2865FDBA0090C0EE /* TopBarButtonView.swift */; };
		CED0D1C828699A7900ACE937 /* WeeklyMusicMixView.swift in Sources */ = {isa = PBXBuildFile; fileRef = CED0D1C728699A7900ACE937 /* WeeklyMusicMixView.swift */; };
		CED0D1CA2869ADAF00ACE937 /* ListView.swift in Sources */ = {isa = PBXBuildFile; fileRef = CED0D1C92869ADAF00ACE937 /* ListView.swift */; };
		CED0D1CD2869BD3200ACE937 /* Звери - Районы-кварталы.mp3 in Resources */ = {isa = PBXBuildFile; fileRef = CED0D1CC2869BD3200ACE937 /* Звери - Районы-кварталы.mp3 */; };
		CED0D1D02869C76B00ACE937 /* PlayerScreenView.swift in Sources */ = {isa = PBXBuildFile; fileRef = CED0D1CF2869C76B00ACE937 /* PlayerScreenView.swift */; };
		CED0D1D42869C7DD00ACE937 /* PlayerViewModel.swift in Sources */ = {isa = PBXBuildFile; fileRef = CED0D1D32869C7DD00ACE937 /* PlayerViewModel.swift */; };
		CED0D1D62869CFEE00ACE937 /* NumberSongsInList.swift in Sources */ = {isa = PBXBuildFile; fileRef = CED0D1D52869CFEE00ACE937 /* NumberSongsInList.swift */; };
		CED0D1D82869D67400ACE937 /* ImageAlbom.swift in Sources */ = {isa = PBXBuildFile; fileRef = CED0D1D72869D67400ACE937 /* ImageAlbom.swift */; };
/* End PBXBuildFile section */

/* Begin PBXFileReference section */
		CE67AA02286AFC9000AFF85F /* Track.swift */ = {isa = PBXFileReference; lastKnownFileType = sourcecode.swift; path = Track.swift; sourceTree = "<group>"; };
		CE67AA08286B23A700AFF85F /* ActionButtonPlayerView.swift */ = {isa = PBXFileReference; lastKnownFileType = sourcecode.swift; path = ActionButtonPlayerView.swift; sourceTree = "<group>"; };
		CE6931902868623C00C4AAA4 /* SearchBarView.swift */ = {isa = PBXFileReference; lastKnownFileType = sourcecode.swift; path = SearchBarView.swift; sourceTree = "<group>"; };
		CEB0E2D72865F1660090C0EE /* MusicPlayer.app */ = {isa = PBXFileReference; explicitFileType = wrapper.application; includeInIndex = 0; path = MusicPlayer.app; sourceTree = BUILT_PRODUCTS_DIR; };
		CEB0E2DA2865F1660090C0EE /* MusicPlayerApp.swift */ = {isa = PBXFileReference; lastKnownFileType = sourcecode.swift; path = MusicPlayerApp.swift; sourceTree = "<group>"; };
		CEB0E2DC2865F1660090C0EE /* HomeView.swift */ = {isa = PBXFileReference; lastKnownFileType = sourcecode.swift; path = HomeView.swift; sourceTree = "<group>"; };
		CEB0E2DE2865F1680090C0EE /* Assets.xcassets */ = {isa = PBXFileReference; lastKnownFileType = folder.assetcatalog; path = Assets.xcassets; sourceTree = "<group>"; };
		CEB0E2E12865F1680090C0EE /* Preview Assets.xcassets */ = {isa = PBXFileReference; lastKnownFileType = folder.assetcatalog; path = "Preview Assets.xcassets"; sourceTree = "<group>"; };
		CEB0E2E82865F69F0090C0EE /* ListSongs.swift */ = {isa = PBXFileReference; lastKnownFileType = sourcecode.swift; path = ListSongs.swift; sourceTree = "<group>"; };
		CEB0E2EB2865FDBA0090C0EE /* TopBarButtonView.swift */ = {isa = PBXFileReference; lastKnownFileType = sourcecode.swift; path = TopBarButtonView.swift; sourceTree = "<group>"; };
		CED0D1C728699A7900ACE937 /* WeeklyMusicMixView.swift */ = {isa = PBXFileReference; lastKnownFileType = sourcecode.swift; path = WeeklyMusicMixView.swift; sourceTree = "<group>"; };
		CED0D1C92869ADAF00ACE937 /* ListView.swift */ = {isa = PBXFileReference; lastKnownFileType = sourcecode.swift; path = ListView.swift; sourceTree = "<group>"; };
		CED0D1CC2869BD3200ACE937 /* Звери - Районы-кварталы.mp3 */ = {isa = PBXFileReference; lastKnownFileType = audio.mp3; path = "Звери - Районы-кварталы.mp3"; sourceTree = "<group>"; };
		CED0D1CF2869C76B00ACE937 /* PlayerScreenView.swift */ = {isa = PBXFileReference; lastKnownFileType = sourcecode.swift; path = PlayerScreenView.swift; sourceTree = "<group>"; };
		CED0D1D32869C7DD00ACE937 /* PlayerViewModel.swift */ = {isa = PBXFileReference; lastKnownFileType = sourcecode.swift; path = PlayerViewModel.swift; sourceTree = "<group>"; };
		CED0D1D52869CFEE00ACE937 /* NumberSongsInList.swift */ = {isa = PBXFileReference; lastKnownFileType = sourcecode.swift; path = NumberSongsInList.swift; sourceTree = "<group>"; };
		CED0D1D72869D67400ACE937 /* ImageAlbom.swift */ = {isa = PBXFileReference; lastKnownFileType = sourcecode.swift; path = ImageAlbom.swift; sourceTree = "<group>"; };
/* End PBXFileReference section */

/* Begin PBXFrameworksBuildPhase section */
		CEB0E2D42865F1660090C0EE /* Frameworks */ = {
			isa = PBXFrameworksBuildPhase;
			buildActionMask = 2147483647;
			files = (
			);
			runOnlyForDeploymentPostprocessing = 0;
		};
/* End PBXFrameworksBuildPhase section */

/* Begin PBXGroup section */
		CEB0E2CE2865F1660090C0EE = {
			isa = PBXGroup;
			children = (
				CEB0E2D92865F1660090C0EE /* MusicPlayer */,
				CEB0E2D82865F1660090C0EE /* Products */,
			);
			sourceTree = "<group>";
		};
		CEB0E2D82865F1660090C0EE /* Products */ = {
			isa = PBXGroup;
			children = (
				CEB0E2D72865F1660090C0EE /* MusicPlayer.app */,
			);
			name = Products;
			sourceTree = "<group>";
		};
		CEB0E2D92865F1660090C0EE /* MusicPlayer */ = {
			isa = PBXGroup;
			children = (
				CEB0E2DA2865F1660090C0EE /* MusicPlayerApp.swift */,
				CEB0E2DC2865F1660090C0EE /* HomeView.swift */,
				CED0D1CE2869C73D00ACE937 /* PlayerScreen */,
				CEB0E2EA2865FD680090C0EE /* ListSongsScreen */,
				CEB0E2DE2865F1680090C0EE /* Assets.xcassets */,
				CED0D1CB2869BCF600ACE937 /* Music */,
				CEB0E2E02865F1680090C0EE /* Preview Content */,
			);
			path = MusicPlayer;
			sourceTree = "<group>";
		};
		CEB0E2E02865F1680090C0EE /* Preview Content */ = {
			isa = PBXGroup;
			children = (
				CEB0E2E12865F1680090C0EE /* Preview Assets.xcassets */,
			);
			path = "Preview Content";
			sourceTree = "<group>";
		};
		CEB0E2EA2865FD680090C0EE /* ListSongsScreen */ = {
			isa = PBXGroup;
			children = (
				CEB0E2E82865F69F0090C0EE /* ListSongs.swift */,
				CEB0E2EB2865FDBA0090C0EE /* TopBarButtonView.swift */,
				CE6931902868623C00C4AAA4 /* SearchBarView.swift */,
				CED0D1C728699A7900ACE937 /* WeeklyMusicMixView.swift */,
				CED0D1C92869ADAF00ACE937 /* ListView.swift */,
			);
			path = ListSongsScreen;
			sourceTree = "<group>";
		};
		CED0D1CB2869BCF600ACE937 /* Music */ = {
			isa = PBXGroup;
			children = (
				CED0D1CC2869BD3200ACE937 /* Звери - Районы-кварталы.mp3 */,
			);
			path = Music;
			sourceTree = "<group>";
		};
		CED0D1CE2869C73D00ACE937 /* PlayerScreen */ = {
			isa = PBXGroup;
			children = (
				CED0D1CF2869C76B00ACE937 /* PlayerScreenView.swift */,
				CED0D1D52869CFEE00ACE937 /* NumberSongsInList.swift */,
				CED0D1D72869D67400ACE937 /* ImageAlbom.swift */,
				CE67AA08286B23A700AFF85F /* ActionButtonPlayerView.swift */,
				CED0D1D22869C7B500ACE937 /* ViewModel */,
			);
			path = PlayerScreen;
			sourceTree = "<group>";
		};
		CED0D1D22869C7B500ACE937 /* ViewModel */ = {
			isa = PBXGroup;
			children = (
				CED0D1D32869C7DD00ACE937 /* PlayerViewModel.swift */,
				CE67AA02286AFC9000AFF85F /* Track.swift */,
			);
			path = ViewModel;
			sourceTree = "<group>";
		};
/* End PBXGroup section */

/* Begin PBXNativeTarget section */
		CEB0E2D62865F1660090C0EE /* MusicPlayer */ = {
			isa = PBXNativeTarget;
			buildConfigurationList = CEB0E2E52865F1680090C0EE /* Build configuration list for PBXNativeTarget "MusicPlayer" */;
			buildPhases = (
				CEB0E2D32865F1660090C0EE /* Sources */,
				CEB0E2D42865F1660090C0EE /* Frameworks */,
				CEB0E2D52865F1660090C0EE /* Resources */,
			);
			buildRules = (
			);
			dependencies = (
			);
			name = MusicPlayer;
			productName = MusicPlayer;
			productReference = CEB0E2D72865F1660090C0EE /* MusicPlayer.app */;
			productType = "com.apple.product-type.application";
		};
/* End PBXNativeTarget section */

/* Begin PBXProject section */
		CEB0E2CF2865F1660090C0EE /* Project object */ = {
			isa = PBXProject;
			attributes = {
				BuildIndependentTargetsInParallel = 1;
				LastSwiftUpdateCheck = 1330;
				LastUpgradeCheck = 1330;
				TargetAttributes = {
					CEB0E2D62865F1660090C0EE = {
						CreatedOnToolsVersion = 13.3.1;
					};
				};
			};
			buildConfigurationList = CEB0E2D22865F1660090C0EE /* Build configuration list for PBXProject "MusicPlayer" */;
			compatibilityVersion = "Xcode 13.0";
			developmentRegion = en;
			hasScannedForEncodings = 0;
			knownRegions = (
				en,
				Base,
			);
			mainGroup = CEB0E2CE2865F1660090C0EE;
			productRefGroup = CEB0E2D82865F1660090C0EE /* Products */;
			projectDirPath = "";
			projectRoot = "";
			targets = (
				CEB0E2D62865F1660090C0EE /* MusicPlayer */,
			);
		};
/* End PBXProject section */

/* Begin PBXResourcesBuildPhase section */
		CEB0E2D52865F1660090C0EE /* Resources */ = {
			isa = PBXResourcesBuildPhase;
			buildActionMask = 2147483647;
			files = (
				CEB0E2E22865F1680090C0EE /* Preview Assets.xcassets in Resources */,
				CEB0E2DF2865F1680090C0EE /* Assets.xcassets in Resources */,
				CED0D1CD2869BD3200ACE937 /* Звери - Районы-кварталы.mp3 in Resources */,
			);
			runOnlyForDeploymentPostprocessing = 0;
		};
/* End PBXResourcesBuildPhase section */

/* Begin PBXSourcesBuildPhase section */
		CEB0E2D32865F1660090C0EE /* Sources */ = {
			isa = PBXSourcesBuildPhase;
			buildActionMask = 2147483647;
			files = (
				CE6931912868623C00C4AAA4 /* SearchBarView.swift in Sources */,
				CEB0E2E92865F69F0090C0EE /* ListSongs.swift in Sources */,
				CED0D1C828699A7900ACE937 /* WeeklyMusicMixView.swift in Sources */,
				CE67AA03286AFC9000AFF85F /* Track.swift in Sources */,
				CED0D1CA2869ADAF00ACE937 /* ListView.swift in Sources */,
				CE67AA09286B23A700AFF85F /* ActionButtonPlayerView.swift in Sources */,
				CED0D1D82869D67400ACE937 /* ImageAlbom.swift in Sources */,
				CED0D1D62869CFEE00ACE937 /* NumberSongsInList.swift in Sources */,
				CED0D1D42869C7DD00ACE937 /* PlayerViewModel.swift in Sources */,
				CEB0E2DD2865F1660090C0EE /* HomeView.swift in Sources */,
				CEB0E2EC2865FDBA0090C0EE /* TopBarButtonView.swift in Sources */,
				CEB0E2DB2865F1660090C0EE /* MusicPlayerApp.swift in Sources */,
				CED0D1D02869C76B00ACE937 /* PlayerScreenView.swift in Sources */,
			);
			runOnlyForDeploymentPostprocessing = 0;
		};
/* End PBXSourcesBuildPhase section */

/* Begin XCBuildConfiguration section */
		CEB0E2E32865F1680090C0EE /* Debug */ = {
			isa = XCBuildConfiguration;
			buildSettings = {
				ALWAYS_SEARCH_USER_PATHS = NO;
				CLANG_ANALYZER_NONNULL = YES;
				CLANG_ANALYZER_NUMBER_OBJECT_CONVERSION = YES_AGGRESSIVE;
				CLANG_CXX_LANGUAGE_STANDARD = "gnu++17";
				CLANG_ENABLE_MODULES = YES;
				CLANG_ENABLE_OBJC_ARC = YES;
				CLANG_ENABLE_OBJC_WEAK = YES;
				CLANG_WARN_BLOCK_CAPTURE_AUTORELEASING = YES;
				CLANG_WARN_BOOL_CONVERSION = YES;
				CLANG_WARN_COMMA = YES;
				CLANG_WARN_CONSTANT_CONVERSION = YES;
				CLANG_WARN_DEPRECATED_OBJC_IMPLEMENTATIONS = YES;
				CLANG_WARN_DIRECT_OBJC_ISA_USAGE = YES_ERROR;
				CLANG_WARN_DOCUMENTATION_COMMENTS = YES;
				CLANG_WARN_EMPTY_BODY = YES;
				CLANG_WARN_ENUM_CONVERSION = YES;
				CLANG_WARN_INFINITE_RECURSION = YES;
				CLANG_WARN_INT_CONVERSION = YES;
				CLANG_WARN_NON_LITERAL_NULL_CONVERSION = YES;
				CLANG_WARN_OBJC_IMPLICIT_RETAIN_SELF = YES;
				CLANG_WARN_OBJC_LITERAL_CONVERSION = YES;
				CLANG_WARN_OBJC_ROOT_CLASS = YES_ERROR;
				CLANG_WARN_QUOTED_INCLUDE_IN_FRAMEWORK_HEADER = YES;
				CLANG_WARN_RANGE_LOOP_ANALYSIS = YES;
				CLANG_WARN_STRICT_PROTOTYPES = YES;
				CLANG_WARN_SUSPICIOUS_MOVE = YES;
				CLANG_WARN_UNGUARDED_AVAILABILITY = YES_AGGRESSIVE;
				CLANG_WARN_UNREACHABLE_CODE = YES;
				CLANG_WARN__DUPLICATE_METHOD_MATCH = YES;
				COPY_PHASE_STRIP = NO;
				DEBUG_INFORMATION_FORMAT = dwarf;
				ENABLE_STRICT_OBJC_MSGSEND = YES;
				ENABLE_TESTABILITY = YES;
				GCC_C_LANGUAGE_STANDARD = gnu11;
				GCC_DYNAMIC_NO_PIC = NO;
				GCC_NO_COMMON_BLOCKS = YES;
				GCC_OPTIMIZATION_LEVEL = 0;
				GCC_PREPROCESSOR_DEFINITIONS = (
					"DEBUG=1",
					"$(inherited)",
				);
				GCC_WARN_64_TO_32_BIT_CONVERSION = YES;
				GCC_WARN_ABOUT_RETURN_TYPE = YES_ERROR;
				GCC_WARN_UNDECLARED_SELECTOR = YES;
				GCC_WARN_UNINITIALIZED_AUTOS = YES_AGGRESSIVE;
				GCC_WARN_UNUSED_FUNCTION = YES;
				GCC_WARN_UNUSED_VARIABLE = YES;
				IPHONEOS_DEPLOYMENT_TARGET = 15.4;
				MTL_ENABLE_DEBUG_INFO = INCLUDE_SOURCE;
				MTL_FAST_MATH = YES;
				ONLY_ACTIVE_ARCH = YES;
				SDKROOT = iphoneos;
				SWIFT_ACTIVE_COMPILATION_CONDITIONS = DEBUG;
				SWIFT_OPTIMIZATION_LEVEL = "-Onone";
			};
			name = Debug;
		};
		CEB0E2E42865F1680090C0EE /* Release */ = {
			isa = XCBuildConfiguration;
			buildSettings = {
				ALWAYS_SEARCH_USER_PATHS = NO;
				CLANG_ANALYZER_NONNULL = YES;
				CLANG_ANALYZER_NUMBER_OBJECT_CONVERSION = YES_AGGRESSIVE;
				CLANG_CXX_LANGUAGE_STANDARD = "gnu++17";
				CLANG_ENABLE_MODULES = YES;
				CLANG_ENABLE_OBJC_ARC = YES;
				CLANG_ENABLE_OBJC_WEAK = YES;
				CLANG_WARN_BLOCK_CAPTURE_AUTORELEASING = YES;
				CLANG_WARN_BOOL_CONVERSION = YES;
				CLANG_WARN_COMMA = YES;
				CLANG_WARN_CONSTANT_CONVERSION = YES;
				CLANG_WARN_DEPRECATED_OBJC_IMPLEMENTATIONS = YES;
				CLANG_WARN_DIRECT_OBJC_ISA_USAGE = YES_ERROR;
				CLANG_WARN_DOCUMENTATION_COMMENTS = YES;
				CLANG_WARN_EMPTY_BODY = YES;
				CLANG_WARN_ENUM_CONVERSION = YES;
				CLANG_WARN_INFINITE_RECURSION = YES;
				CLANG_WARN_INT_CONVERSION = YES;
				CLANG_WARN_NON_LITERAL_NULL_CONVERSION = YES;
				CLANG_WARN_OBJC_IMPLICIT_RETAIN_SELF = YES;
				CLANG_WARN_OBJC_LITERAL_CONVERSION = YES;
				CLANG_WARN_OBJC_ROOT_CLASS = YES_ERROR;
				CLANG_WARN_QUOTED_INCLUDE_IN_FRAMEWORK_HEADER = YES;
				CLANG_WARN_RANGE_LOOP_ANALYSIS = YES;
				CLANG_WARN_STRICT_PROTOTYPES = YES;
				CLANG_WARN_SUSPICIOUS_MOVE = YES;
				CLANG_WARN_UNGUARDED_AVAILABILITY = YES_AGGRESSIVE;
				CLANG_WARN_UNREACHABLE_CODE = YES;
				CLANG_WARN__DUPLICATE_METHOD_MATCH = YES;
				COPY_PHASE_STRIP = NO;
				DEBUG_INFORMATION_FORMAT = "dwarf-with-dsym";
				ENABLE_NS_ASSERTIONS = NO;
				ENABLE_STRICT_OBJC_MSGSEND = YES;
				GCC_C_LANGUAGE_STANDARD = gnu11;
				GCC_NO_COMMON_BLOCKS = YES;
				GCC_WARN_64_TO_32_BIT_CONVERSION = YES;
				GCC_WARN_ABOUT_RETURN_TYPE = YES_ERROR;
				GCC_WARN_UNDECLARED_SELECTOR = YES;
				GCC_WARN_UNINITIALIZED_AUTOS = YES_AGGRESSIVE;
				GCC_WARN_UNUSED_FUNCTION = YES;
				GCC_WARN_UNUSED_VARIABLE = YES;
				IPHONEOS_DEPLOYMENT_TARGET = 15.4;
				MTL_ENABLE_DEBUG_INFO = NO;
				MTL_FAST_MATH = YES;
				SDKROOT = iphoneos;
				SWIFT_COMPILATION_MODE = wholemodule;
				SWIFT_OPTIMIZATION_LEVEL = "-O";
				VALIDATE_PRODUCT = YES;
			};
			name = Release;
		};
		CEB0E2E62865F1680090C0EE /* Debug */ = {
			isa = XCBuildConfiguration;
			buildSettings = {
				ASSETCATALOG_COMPILER_APPICON_NAME = AppIcon;
				ASSETCATALOG_COMPILER_GLOBAL_ACCENT_COLOR_NAME = AccentColor;
				CODE_SIGN_STYLE = Automatic;
				CURRENT_PROJECT_VERSION = 1;
				DEVELOPMENT_ASSET_PATHS = "\"MusicPlayer/Preview Content\"";
				DEVELOPMENT_TEAM = Q6H28H32V4;
				ENABLE_PREVIEWS = YES;
				GENERATE_INFOPLIST_FILE = YES;
				INFOPLIST_KEY_UIApplicationSceneManifest_Generation = YES;
				INFOPLIST_KEY_UIApplicationSupportsIndirectInputEvents = YES;
				INFOPLIST_KEY_UILaunchScreen_Generation = YES;
				INFOPLIST_KEY_UISupportedInterfaceOrientations_iPad = "UIInterfaceOrientationPortrait UIInterfaceOrientationPortraitUpsideDown UIInterfaceOrientationLandscapeLeft UIInterfaceOrientationLandscapeRight";
				INFOPLIST_KEY_UISupportedInterfaceOrientations_iPhone = "UIInterfaceOrientationPortrait UIInterfaceOrientationLandscapeLeft UIInterfaceOrientationLandscapeRight";
				LD_RUNPATH_SEARCH_PATHS = (
					"$(inherited)",
					"@executable_path/Frameworks",
				);
				MARKETING_VERSION = 1.0;
				PRODUCT_BUNDLE_IDENTIFIER = "Evgenij-Voronov.MusicPlayer";
				PRODUCT_NAME = "$(TARGET_NAME)";
				SWIFT_EMIT_LOC_STRINGS = YES;
				SWIFT_VERSION = 5.0;
				TARGETED_DEVICE_FAMILY = "1,2";
			};
			name = Debug;
		};
		CEB0E2E72865F1680090C0EE /* Release */ = {
			isa = XCBuildConfiguration;
			buildSettings = {
				ASSETCATALOG_COMPILER_APPICON_NAME = AppIcon;
				ASSETCATALOG_COMPILER_GLOBAL_ACCENT_COLOR_NAME = AccentColor;
				CODE_SIGN_STYLE = Automatic;
				CURRENT_PROJECT_VERSION = 1;
				DEVELOPMENT_ASSET_PATHS = "\"MusicPlayer/Preview Content\"";
				DEVELOPMENT_TEAM = Q6H28H32V4;
				ENABLE_PREVIEWS = YES;
				GENERATE_INFOPLIST_FILE = YES;
				INFOPLIST_KEY_UIApplicationSceneManifest_Generation = YES;
				INFOPLIST_KEY_UIApplicationSupportsIndirectInputEvents = YES;
				INFOPLIST_KEY_UILaunchScreen_Generation = YES;
				INFOPLIST_KEY_UISupportedInterfaceOrientations_iPad = "UIInterfaceOrientationPortrait UIInterfaceOrientationPortraitUpsideDown UIInterfaceOrientationLandscapeLeft UIInterfaceOrientationLandscapeRight";
				INFOPLIST_KEY_UISupportedInterfaceOrientations_iPhone = "UIInterfaceOrientationPortrait UIInterfaceOrientationLandscapeLeft UIInterfaceOrientationLandscapeRight";
				LD_RUNPATH_SEARCH_PATHS = (
					"$(inherited)",
					"@executable_path/Frameworks",
				);
				MARKETING_VERSION = 1.0;
				PRODUCT_BUNDLE_IDENTIFIER = "Evgenij-Voronov.MusicPlayer";
				PRODUCT_NAME = "$(TARGET_NAME)";
				SWIFT_EMIT_LOC_STRINGS = YES;
				SWIFT_VERSION = 5.0;
				TARGETED_DEVICE_FAMILY = "1,2";
			};
			name = Release;
		};
/* End XCBuildConfiguration section */

/* Begin XCConfigurationList section */
		CEB0E2D22865F1660090C0EE /* Build configuration list for PBXProject "MusicPlayer" */ = {
			isa = XCConfigurationList;
			buildConfigurations = (
				CEB0E2E32865F1680090C0EE /* Debug */,
				CEB0E2E42865F1680090C0EE /* Release */,
			);
			defaultConfigurationIsVisible = 0;
			defaultConfigurationName = Release;
		};
		CEB0E2E52865F1680090C0EE /* Build configuration list for PBXNativeTarget "MusicPlayer" */ = {
			isa = XCConfigurationList;
			buildConfigurations = (
				CEB0E2E62865F1680090C0EE /* Debug */,
				CEB0E2E72865F1680090C0EE /* Release */,
			);
			defaultConfigurationIsVisible = 0;
			defaultConfigurationName = Release;
		};
/* End XCConfigurationList section */
	};
	rootObject = CEB0E2CF2865F1660090C0EE /* Project object */;
}
